
Microsoft Visual Studio Solution File, Format Version 12.00
# Visual Studio Version 16
VisualStudioVersion = 16.0.34031.81
MinimumVisualStudioVersion = 10.0.40219.1
Project("{2150E333-8FDC-42A3-9474-1A3956D46DE8}") = "TaskReview", "TaskReview", "{95572FA8-3623-46CF-A325-032A7D039C18}"
EndProject
Project("{FAE04EC0-301F-11D3-BF4B-00C04F79EFBC}") = "Tyuiu.VolodinaAA.Sprint2.Review.V11", "Tyuiu.VolodinaAA.Sprint2.Review.V11\Tyuiu.VolodinaAA.Sprint2.Review.V11.csproj", "{2562935E-3A05-4CB5-A366-6DF53DE9D96F}"
EndProject
Project("{FAE04EC0-301F-11D3-BF4B-00C04F79EFBC}") = "Tyuiu.VolodinaAA.Sprint2.Review.V11.Lib", "Tyuiu.VolodinaAA.Sprint2.Review.V11.Lib\Tyuiu.VolodinaAA.Sprint2.Review.V11.Lib.csproj", "{1BDC0A7C-1E46-46F4-A05A-4F9097DDD839}"
EndProject
Project("{FAE04EC0-301F-11D3-BF4B-00C04F79EFBC}") = "Tyuiu.VolodinaAA.Sprint2.Review.V11.Test", "Tyuiu.VolodinaAA.Sprint2.Review.V11.Test\Tyuiu.VolodinaAA.Sprint2.Review.V11.Test.csproj", "{4ECB4F59-D983-4054-9126-44824442C0A8}"
EndProject
Global
	GlobalSection(SolutionConfigurationPlatforms) = preSolution
		Debug|Any CPU = Debug|Any CPU
		Release|Any CPU = Release|Any CPU
	EndGlobalSection
	GlobalSection(ProjectConfigurationPlatforms) = postSolution
		{2562935E-3A05-4CB5-A366-6DF53DE9D96F}.Debug|Any CPU.ActiveCfg = Debug|Any CPU
		{2562935E-3A05-4CB5-A366-6DF53DE9D96F}.Debug|Any CPU.Build.0 = Debug|Any CPU
		{2562935E-3A05-4CB5-A366-6DF53DE9D96F}.Release|Any CPU.ActiveCfg = Release|Any CPU
		{2562935E-3A05-4CB5-A366-6DF53DE9D96F}.Release|Any CPU.Build.0 = Release|Any CPU
		{1BDC0A7C-1E46-46F4-A05A-4F9097DDD839}.Debug|Any CPU.ActiveCfg = Debug|Any CPU
		{1BDC0A7C-1E46-46F4-A05A-4F9097DDD839}.Debug|Any CPU.Build.0 = Debug|Any CPU
		{1BDC0A7C-1E46-46F4-A05A-4F9097DDD839}.Release|Any CPU.ActiveCfg = Release|Any CPU
		{1BDC0A7C-1E46-46F4-A05A-4F9097DDD839}.Release|Any CPU.Build.0 = Release|Any CPU
		{4ECB4F59-D983-4054-9126-44824442C0A8}.Debug|Any CPU.ActiveCfg = Debug|Any CPU
		{4ECB4F59-D983-4054-9126-44824442C0A8}.Debug|Any CPU.Build.0 = Debug|Any CPU
		{4ECB4F59-D983-4054-9126-44824442C0A8}.Release|Any CPU.ActiveCfg = Release|Any CPU
		{4ECB4F59-D983-4054-9126-44824442C0A8}.Release|Any CPU.Build.0 = Release|Any CPU
	EndGlobalSection
	GlobalSection(SolutionProperties) = preSolution
		HideSolutionNode = FALSE
	EndGlobalSection
	GlobalSection(NestedProjects) = preSolution
		{2562935E-3A05-4CB5-A366-6DF53DE9D96F} = {95572FA8-3623-46CF-A325-032A7D039C18}
		{1BDC0A7C-1E46-46F4-A05A-4F9097DDD839} = {95572FA8-3623-46CF-A325-032A7D039C18}
		{4ECB4F59-D983-4054-9126-44824442C0A8} = {95572FA8-3623-46CF-A325-032A7D039C18}
	EndGlobalSection
	GlobalSection(ExtensibilityGlobals) = postSolution
		SolutionGuid = {0C230382-BFF7-4926-AF7C-CD0BC258D0BD}
	EndGlobalSection
EndGlobal
